
Microsoft Visual Studio Solution File, Format Version 12.00
# Visual Studio Version 16
VisualStudioVersion = 25.0.1704.2
MinimumVisualStudioVersion = 10.0.40219.1
Project("{FAE04EC0-301F-11D3-BF4B-00C04F79EFBC}") = "prolab21", "prolab21.csproj", "{C3BD69AF-64E4-425B-BB74-E6FC032771D4}"
EndProject
Global
	GlobalSection(SolutionConfigurationPlatforms) = preSolution
		Debug|Any CPU = Debug|Any CPU
		Release|Any CPU = Release|Any CPU
	EndGlobalSection
	GlobalSection(ProjectConfigurationPlatforms) = postSolution
		{C3BD69AF-64E4-425B-BB74-E6FC032771D4}.Debug|Any CPU.ActiveCfg = Debug|Any CPU
		{C3BD69AF-64E4-425B-BB74-E6FC032771D4}.Debug|Any CPU.Build.0 = Debug|Any CPU
		{C3BD69AF-64E4-425B-BB74-E6FC032771D4}.Release|Any CPU.ActiveCfg = Release|Any CPU
		{C3BD69AF-64E4-425B-BB74-E6FC032771D4}.Release|Any CPU.Build.0 = Release|Any CPU
	EndGlobalSection
	GlobalSection(SolutionProperties) = preSolution
		HideSolutionNode = FALSE
	EndGlobalSection
	GlobalSection(ExtensibilityGlobals) = postSolution
		SolutionGuid = {F08ED1BE-8C7E-42B4-95B3-9C91D991F400}
	EndGlobalSection
EndGlobal
